// !$*UTF8*$!
{
	archiveVersion = 1;
	classes = {
	};
	objectVersion = 56;
	objects = {

/* Begin PBXBuildFile section */
		2F32818A2A61B89C00456E61 /* AppDelegate.swift in Sources */ = {isa = PBXBuildFile; fileRef = 2F3281892A61B89C00456E61 /* AppDelegate.swift */; };
		2F32818C2A61B89C00456E61 /* GameScene.sks in Resources */ = {isa = PBXBuildFile; fileRef = 2F32818B2A61B89C00456E61 /* GameScene.sks */; };
		2F3281902A61B89C00456E61 /* GameScene.swift in Sources */ = {isa = PBXBuildFile; fileRef = 2F32818F2A61B89C00456E61 /* GameScene.swift */; };
		2F3281922A61B89C00456E61 /* GameViewController.swift in Sources */ = {isa = PBXBuildFile; fileRef = 2F3281912A61B89C00456E61 /* GameViewController.swift */; };
		2F3281952A61B89C00456E61 /* Main.storyboard in Resources */ = {isa = PBXBuildFile; fileRef = 2F3281932A61B89C00456E61 /* Main.storyboard */; };
		2F3281972A61B89C00456E61 /* Assets.xcassets in Resources */ = {isa = PBXBuildFile; fileRef = 2F3281962A61B89C00456E61 /* Assets.xcassets */; };
		2F32819A2A61B89C00456E61 /* LaunchScreen.storyboard in Resources */ = {isa = PBXBuildFile; fileRef = 2F3281982A61B89C00456E61 /* LaunchScreen.storyboard */; };
		2F3CE9892A61BBD2004F5FF0 /* IntroTextScene.swift in Sources */ = {isa = PBXBuildFile; fileRef = 2F3CE9882A61BBD2004F5FF0 /* IntroTextScene.swift */; };
		2F3CE98B2A61BBDB004F5FF0 /* IntroTextScene.sks in Resources */ = {isa = PBXBuildFile; fileRef = 2F3CE98A2A61BBDB004F5FF0 /* IntroTextScene.sks */; };
		2F3CE98E2A61BC27004F5FF0 /* CircleGlowScene.swift in Sources */ = {isa = PBXBuildFile; fileRef = 2F3CE98D2A61BC27004F5FF0 /* CircleGlowScene.swift */; };
		2F3CE9902A61BC36004F5FF0 /* BreathingFlowerScene.swift in Sources */ = {isa = PBXBuildFile; fileRef = 2F3CE98F2A61BC36004F5FF0 /* BreathingFlowerScene.swift */; };
		2F3CE9922A61BC55004F5FF0 /* BreathingFlowerScene.sks in Resources */ = {isa = PBXBuildFile; fileRef = 2F3CE9912A61BC55004F5FF0 /* BreathingFlowerScene.sks */; };
		2F3CE9942A61BC6C004F5FF0 /* CircleGlowScene.sks in Resources */ = {isa = PBXBuildFile; fileRef = 2F3CE9932A61BC6C004F5FF0 /* CircleGlowScene.sks */; };
		2FB5FA972A6EEF77003DA0E1 /* SoundDesign.swift in Sources */ = {isa = PBXBuildFile; fileRef = 2FB5FA962A6EEF77003DA0E1 /* SoundDesign.swift */; };
		2FB5FA992A6EF0A5003DA0E1 /* YellowCircleScene.swift in Sources */ = {isa = PBXBuildFile; fileRef = 2FB5FA982A6EF0A5003DA0E1 /* YellowCircleScene.swift */; };
		2FB5FA9B2A6EF0BB003DA0E1 /* YellowCircleScene.sks in Resources */ = {isa = PBXBuildFile; fileRef = 2FB5FA9A2A6EF0BB003DA0E1 /* YellowCircleScene.sks */; };
		2FB5FA9D2A6EF17A003DA0E1 /* EndingTextScene.swift in Sources */ = {isa = PBXBuildFile; fileRef = 2FB5FA9C2A6EF17A003DA0E1 /* EndingTextScene.swift */; };
		2FB5FA9F2A6EF188003DA0E1 /* EndingTextScene.sks in Resources */ = {isa = PBXBuildFile; fileRef = 2FB5FA9E2A6EF188003DA0E1 /* EndingTextScene.sks */; };
		2FB5FAA12A6EF1A9003DA0E1 /* HeadphoneScene.swift in Sources */ = {isa = PBXBuildFile; fileRef = 2FB5FAA02A6EF1A9003DA0E1 /* HeadphoneScene.swift */; };
		2FB5FAA32A6EF1B6003DA0E1 /* HeadphoneScene.sks in Resources */ = {isa = PBXBuildFile; fileRef = 2FB5FAA22A6EF1B6003DA0E1 /* HeadphoneScene.sks */; };
		2FB5FAA62A6EF5B6003DA0E1 /* happiness.mp3 in Resources */ = {isa = PBXBuildFile; fileRef = 2FB5FAA52A6EF5B6003DA0E1 /* happiness.mp3 */; };
		2FB5FAAC2A6EF61A003DA0E1 /* intro-music.mp3 in Resources */ = {isa = PBXBuildFile; fileRef = 2FB5FAA72A6EF619003DA0E1 /* intro-music.mp3 */; };
		2FB5FAAD2A6EF61A003DA0E1 /* medo.mp3 in Resources */ = {isa = PBXBuildFile; fileRef = 2FB5FAA82A6EF619003DA0E1 /* medo.mp3 */; };
		2FB5FAAE2A6EF61A003DA0E1 /* storm.mp3 in Resources */ = {isa = PBXBuildFile; fileRef = 2FB5FAA92A6EF619003DA0E1 /* storm.mp3 */; };
		2FB5FAAF2A6EF61A003DA0E1 /* humming.mp3 in Resources */ = {isa = PBXBuildFile; fileRef = 2FB5FAAA2A6EF61A003DA0E1 /* humming.mp3 */; };
		2FB5FAB02A6EF61A003DA0E1 /* radio.mp3 in Resources */ = {isa = PBXBuildFile; fileRef = 2FB5FAAB2A6EF61A003DA0E1 /* radio.mp3 */; };
		2FF878F22A61DE5C0093EDC5 /* GameHUD.swift in Sources */ = {isa = PBXBuildFile; fileRef = 2FF878F12A61DE5C0093EDC5 /* GameHUD.swift */; };
		2FF878F42A61E10D0093EDC5 /* Level01Scene.swift in Sources */ = {isa = PBXBuildFile; fileRef = 2FF878F32A61E10D0093EDC5 /* Level01Scene.swift */; };
		2FF878F62A61E1410093EDC5 /* VisualEffects.swift in Sources */ = {isa = PBXBuildFile; fileRef = 2FF878F52A61E1410093EDC5 /* VisualEffects.swift */; };
		2FF878F82A61E1540093EDC5 /* Components.swift in Sources */ = {isa = PBXBuildFile; fileRef = 2FF878F72A61E1540093EDC5 /* Components.swift */; };
		31022FB82A68621400AB5828 /* IdleState.swift in Sources */ = {isa = PBXBuildFile; fileRef = 31022FB32A68621400AB5828 /* IdleState.swift */; };
		31022FB92A68621400AB5828 /* JumpState.swift in Sources */ = {isa = PBXBuildFile; fileRef = 31022FB42A68621400AB5828 /* JumpState.swift */; };
		31022FBA2A68621400AB5828 /* MovingLeftState.swift in Sources */ = {isa = PBXBuildFile; fileRef = 31022FB52A68621400AB5828 /* MovingLeftState.swift */; };
		31022FBB2A68621400AB5828 /* MovingRightState.swift in Sources */ = {isa = PBXBuildFile; fileRef = 31022FB62A68621400AB5828 /* MovingRightState.swift */; };
		31022FBC2A68621400AB5828 /* DeadState.swift in Sources */ = {isa = PBXBuildFile; fileRef = 31022FB72A68621400AB5828 /* DeadState.swift */; };
		31F9F3C42A65DBB8009A3AF8 /* SKButtonNode.swift in Sources */ = {isa = PBXBuildFile; fileRef = 31F9F3C32A65DBB8009A3AF8 /* SKButtonNode.swift */; };
		6E1A7FC52A6B011D005E410F /* LevelTileSet.sks in Resources */ = {isa = PBXBuildFile; fileRef = 6E1A7FC42A6B011D005E410F /* LevelTileSet.sks */; };
		B32B4AAF2A61C68C00031DA0 /* PlayerNode.swift in Sources */ = {isa = PBXBuildFile; fileRef = B32B4AAE2A61C68C00031DA0 /* PlayerNode.swift */; };
		B32B4AC82A65AD0E00031DA0 /* Level01Scene.sks in Resources */ = {isa = PBXBuildFile; fileRef = B32B4AC72A65AD0E00031DA0 /* Level01Scene.sks */; };
		B32B4ACA2A65B86100031DA0 /* Movimentation.swift in Sources */ = {isa = PBXBuildFile; fileRef = B32B4AC92A65B86100031DA0 /* Movimentation.swift */; };
		B32B4ACE2A65D26A00031DA0 /* Preview.swift in Sources */ = {isa = PBXBuildFile; fileRef = B32B4ACD2A65D26A00031DA0 /* Preview.swift */; };
		B35DBDF92A6B1E9A0082F6A7 /* BotoesMovimentacao.swift in Sources */ = {isa = PBXBuildFile; fileRef = B35DBDF82A6B1E9A0082F6A7 /* BotoesMovimentacao.swift */; };
		B35DBDFC2A6B21A10082F6A7 /* SettingScene.swift in Sources */ = {isa = PBXBuildFile; fileRef = B35DBDFB2A6B21A10082F6A7 /* SettingScene.swift */; };
		B35DBDFE2A6CB1DB0082F6A7 /* ContentView.swift in Sources */ = {isa = PBXBuildFile; fileRef = B35DBDFD2A6CB1DB0082F6A7 /* ContentView.swift */; };
		B35DBE022A6D9E740082F6A7 /* SettingScene.sks in Resources */ = {isa = PBXBuildFile; fileRef = B35DBE012A6D9E740082F6A7 /* SettingScene.sks */; };
/* End PBXBuildFile section */

/* Begin PBXFileReference section */
		2F3281862A61B89C00456E61 /* mini_challenge_1.app */ = {isa = PBXFileReference; explicitFileType = wrapper.application; includeInIndex = 0; path = mini_challenge_1.app; sourceTree = BUILT_PRODUCTS_DIR; };
		2F3281892A61B89C00456E61 /* AppDelegate.swift */ = {isa = PBXFileReference; lastKnownFileType = sourcecode.swift; path = AppDelegate.swift; sourceTree = "<group>"; };
		2F32818B2A61B89C00456E61 /* GameScene.sks */ = {isa = PBXFileReference; lastKnownFileType = file.sks; path = GameScene.sks; sourceTree = "<group>"; };
		2F32818F2A61B89C00456E61 /* GameScene.swift */ = {isa = PBXFileReference; lastKnownFileType = sourcecode.swift; path = GameScene.swift; sourceTree = "<group>"; };
		2F3281912A61B89C00456E61 /* GameViewController.swift */ = {isa = PBXFileReference; lastKnownFileType = sourcecode.swift; path = GameViewController.swift; sourceTree = "<group>"; };
		2F3281942A61B89C00456E61 /* Base */ = {isa = PBXFileReference; lastKnownFileType = file.storyboard; name = Base; path = Base.lproj/Main.storyboard; sourceTree = "<group>"; };
		2F3281962A61B89C00456E61 /* Assets.xcassets */ = {isa = PBXFileReference; lastKnownFileType = folder.assetcatalog; path = Assets.xcassets; sourceTree = "<group>"; };
		2F3281992A61B89C00456E61 /* Base */ = {isa = PBXFileReference; lastKnownFileType = file.storyboard; name = Base; path = Base.lproj/LaunchScreen.storyboard; sourceTree = "<group>"; };
		2F3CE9882A61BBD2004F5FF0 /* IntroTextScene.swift */ = {isa = PBXFileReference; lastKnownFileType = sourcecode.swift; path = IntroTextScene.swift; sourceTree = "<group>"; };
		2F3CE98A2A61BBDB004F5FF0 /* IntroTextScene.sks */ = {isa = PBXFileReference; lastKnownFileType = file.sks; path = IntroTextScene.sks; sourceTree = "<group>"; };
		2F3CE98D2A61BC27004F5FF0 /* CircleGlowScene.swift */ = {isa = PBXFileReference; lastKnownFileType = sourcecode.swift; path = CircleGlowScene.swift; sourceTree = "<group>"; };
		2F3CE98F2A61BC36004F5FF0 /* BreathingFlowerScene.swift */ = {isa = PBXFileReference; lastKnownFileType = sourcecode.swift; path = BreathingFlowerScene.swift; sourceTree = "<group>"; };
		2F3CE9912A61BC55004F5FF0 /* BreathingFlowerScene.sks */ = {isa = PBXFileReference; lastKnownFileType = file.sks; path = BreathingFlowerScene.sks; sourceTree = "<group>"; };
		2F3CE9932A61BC6C004F5FF0 /* CircleGlowScene.sks */ = {isa = PBXFileReference; lastKnownFileType = file.sks; path = CircleGlowScene.sks; sourceTree = "<group>"; };
		2FB5FA962A6EEF77003DA0E1 /* SoundDesign.swift */ = {isa = PBXFileReference; lastKnownFileType = sourcecode.swift; path = SoundDesign.swift; sourceTree = "<group>"; };
		2FB5FA982A6EF0A5003DA0E1 /* YellowCircleScene.swift */ = {isa = PBXFileReference; lastKnownFileType = sourcecode.swift; path = YellowCircleScene.swift; sourceTree = "<group>"; };
		2FB5FA9A2A6EF0BB003DA0E1 /* YellowCircleScene.sks */ = {isa = PBXFileReference; lastKnownFileType = file.sks; path = YellowCircleScene.sks; sourceTree = "<group>"; };
		2FB5FA9C2A6EF17A003DA0E1 /* EndingTextScene.swift */ = {isa = PBXFileReference; lastKnownFileType = sourcecode.swift; path = EndingTextScene.swift; sourceTree = "<group>"; };
		2FB5FA9E2A6EF188003DA0E1 /* EndingTextScene.sks */ = {isa = PBXFileReference; lastKnownFileType = file.sks; path = EndingTextScene.sks; sourceTree = "<group>"; };
		2FB5FAA02A6EF1A9003DA0E1 /* HeadphoneScene.swift */ = {isa = PBXFileReference; lastKnownFileType = sourcecode.swift; path = HeadphoneScene.swift; sourceTree = "<group>"; };
		2FB5FAA22A6EF1B6003DA0E1 /* HeadphoneScene.sks */ = {isa = PBXFileReference; lastKnownFileType = file.sks; path = HeadphoneScene.sks; sourceTree = "<group>"; };
		2FB5FAA52A6EF5B6003DA0E1 /* happiness.mp3 */ = {isa = PBXFileReference; lastKnownFileType = audio.mp3; path = happiness.mp3; sourceTree = "<group>"; };
		2FB5FAA72A6EF619003DA0E1 /* intro-music.mp3 */ = {isa = PBXFileReference; lastKnownFileType = audio.mp3; path = "intro-music.mp3"; sourceTree = "<group>"; };
		2FB5FAA82A6EF619003DA0E1 /* medo.mp3 */ = {isa = PBXFileReference; lastKnownFileType = audio.mp3; path = medo.mp3; sourceTree = "<group>"; };
		2FB5FAA92A6EF619003DA0E1 /* storm.mp3 */ = {isa = PBXFileReference; lastKnownFileType = audio.mp3; path = storm.mp3; sourceTree = "<group>"; };
		2FB5FAAA2A6EF61A003DA0E1 /* humming.mp3 */ = {isa = PBXFileReference; lastKnownFileType = audio.mp3; path = humming.mp3; sourceTree = "<group>"; };
		2FB5FAAB2A6EF61A003DA0E1 /* radio.mp3 */ = {isa = PBXFileReference; lastKnownFileType = audio.mp3; path = radio.mp3; sourceTree = "<group>"; };
		2FF878F12A61DE5C0093EDC5 /* GameHUD.swift */ = {isa = PBXFileReference; lastKnownFileType = sourcecode.swift; path = GameHUD.swift; sourceTree = "<group>"; };
		2FF878F32A61E10D0093EDC5 /* Level01Scene.swift */ = {isa = PBXFileReference; lastKnownFileType = sourcecode.swift; path = Level01Scene.swift; sourceTree = "<group>"; };
		2FF878F52A61E1410093EDC5 /* VisualEffects.swift */ = {isa = PBXFileReference; lastKnownFileType = sourcecode.swift; path = VisualEffects.swift; sourceTree = "<group>"; };
		2FF878F72A61E1540093EDC5 /* Components.swift */ = {isa = PBXFileReference; lastKnownFileType = sourcecode.swift; path = Components.swift; sourceTree = "<group>"; };
		31022FB32A68621400AB5828 /* IdleState.swift */ = {isa = PBXFileReference; fileEncoding = 4; lastKnownFileType = sourcecode.swift; path = IdleState.swift; sourceTree = "<group>"; };
		31022FB42A68621400AB5828 /* JumpState.swift */ = {isa = PBXFileReference; fileEncoding = 4; lastKnownFileType = sourcecode.swift; path = JumpState.swift; sourceTree = "<group>"; };
		31022FB52A68621400AB5828 /* MovingLeftState.swift */ = {isa = PBXFileReference; fileEncoding = 4; lastKnownFileType = sourcecode.swift; path = MovingLeftState.swift; sourceTree = "<group>"; };
		31022FB62A68621400AB5828 /* MovingRightState.swift */ = {isa = PBXFileReference; fileEncoding = 4; lastKnownFileType = sourcecode.swift; path = MovingRightState.swift; sourceTree = "<group>"; };
		31022FB72A68621400AB5828 /* DeadState.swift */ = {isa = PBXFileReference; fileEncoding = 4; lastKnownFileType = sourcecode.swift; path = DeadState.swift; sourceTree = "<group>"; };
		31F9F3C32A65DBB8009A3AF8 /* SKButtonNode.swift */ = {isa = PBXFileReference; lastKnownFileType = sourcecode.swift; path = SKButtonNode.swift; sourceTree = "<group>"; };
		6E1A7FC42A6B011D005E410F /* LevelTileSet.sks */ = {isa = PBXFileReference; lastKnownFileType = file.sks; path = LevelTileSet.sks; sourceTree = "<group>"; };
		B32B4AAE2A61C68C00031DA0 /* PlayerNode.swift */ = {isa = PBXFileReference; lastKnownFileType = sourcecode.swift; name = PlayerNode.swift; path = mini_challenge_1/Character/PlayerNode.swift; sourceTree = SOURCE_ROOT; };
		B32B4AC72A65AD0E00031DA0 /* Level01Scene.sks */ = {isa = PBXFileReference; lastKnownFileType = file.sks; path = Level01Scene.sks; sourceTree = "<group>"; };
		B32B4AC92A65B86100031DA0 /* Movimentation.swift */ = {isa = PBXFileReference; lastKnownFileType = sourcecode.swift; path = Movimentation.swift; sourceTree = "<group>"; };
		B32B4ACD2A65D26A00031DA0 /* Preview.swift */ = {isa = PBXFileReference; lastKnownFileType = sourcecode.swift; path = Preview.swift; sourceTree = "<group>"; };
		B35DBDF82A6B1E9A0082F6A7 /* BotoesMovimentacao.swift */ = {isa = PBXFileReference; lastKnownFileType = sourcecode.swift; path = BotoesMovimentacao.swift; sourceTree = "<group>"; };
		B35DBDFB2A6B21A10082F6A7 /* SettingScene.swift */ = {isa = PBXFileReference; lastKnownFileType = sourcecode.swift; path = SettingScene.swift; sourceTree = "<group>"; };
		B35DBDFD2A6CB1DB0082F6A7 /* ContentView.swift */ = {isa = PBXFileReference; lastKnownFileType = sourcecode.swift; path = ContentView.swift; sourceTree = "<group>"; };
		B35DBE012A6D9E740082F6A7 /* SettingScene.sks */ = {isa = PBXFileReference; lastKnownFileType = file.sks; path = SettingScene.sks; sourceTree = "<group>"; };
		B35DBE032A6DEC400082F6A7 /* mini_challenge_1.entitlements */ = {isa = PBXFileReference; lastKnownFileType = text.plist.entitlements; path = mini_challenge_1.entitlements; sourceTree = "<group>"; };
/* End PBXFileReference section */

/* Begin PBXFrameworksBuildPhase section */
		2F3281832A61B89B00456E61 /* Frameworks */ = {
			isa = PBXFrameworksBuildPhase;
			buildActionMask = 2147483647;
			files = (
			);
			runOnlyForDeploymentPostprocessing = 0;
		};
/* End PBXFrameworksBuildPhase section */

/* Begin PBXGroup section */
		2F32817D2A61B89B00456E61 = {
			isa = PBXGroup;
			children = (
				B32B4ACD2A65D26A00031DA0 /* Preview.swift */,
				2F3281882A61B89C00456E61 /* mini_challenge_1 */,
				2F3281962A61B89C00456E61 /* Assets.xcassets */,
				2F3281872A61B89C00456E61 /* Products */,
			);
			sourceTree = "<group>";
		};
		2F3281872A61B89C00456E61 /* Products */ = {
			isa = PBXGroup;
			children = (
				2F3281862A61B89C00456E61 /* mini_challenge_1.app */,
			);
			name = Products;
			sourceTree = "<group>";
		};
		2F3281882A61B89C00456E61 /* mini_challenge_1 */ = {
			isa = PBXGroup;
			children = (
				B35DBE032A6DEC400082F6A7 /* mini_challenge_1.entitlements */,
				2F32818B2A61B89C00456E61 /* GameScene.sks */,
				2F32818F2A61B89C00456E61 /* GameScene.swift */,
				B35DBDFA2A6B21720082F6A7 /* SettingScene */,
				2F3CE9852A61BB16004F5FF0 /* HUD */,
				2F3CE9842A61BB07004F5FF0 /* TextCutscene */,
				2F3CE98C2A61BC0E004F5FF0 /* SliderLevel */,
				2F3CE9862A61BB1C004F5FF0 /* Level01 */,
				2F3CE9832A61BAFF004F5FF0 /* Character */,
				2F3CE9822A61BAF9004F5FF0 /* Utils */,
				2FB5FAA42A6EF21E003DA0E1 /* Sounds */,
				2F3CE9872A61BB28004F5FF0 /* Components */,
				2F3CE9812A61BAF5004F5FF0 /* App */,
			);
			path = mini_challenge_1;
			sourceTree = "<group>";
		};
		2F3CE9812A61BAF5004F5FF0 /* App */ = {
			isa = PBXGroup;
			children = (
				2F3281912A61B89C00456E61 /* GameViewController.swift */,
				2F3281892A61B89C00456E61 /* AppDelegate.swift */,
				2F3281932A61B89C00456E61 /* Main.storyboard */,
				2F3281982A61B89C00456E61 /* LaunchScreen.storyboard */,
			);
			path = App;
			sourceTree = "<group>";
		};
		2F3CE9822A61BAF9004F5FF0 /* Utils */ = {
			isa = PBXGroup;
			children = (
				2FF878F52A61E1410093EDC5 /* VisualEffects.swift */,
				B32B4AC92A65B86100031DA0 /* Movimentation.swift */,
				2FB5FA962A6EEF77003DA0E1 /* SoundDesign.swift */,
			);
			path = Utils;
			sourceTree = "<group>";
		};
		2F3CE9832A61BAFF004F5FF0 /* Character */ = {
			isa = PBXGroup;
			children = (
				B32B4AAE2A61C68C00031DA0 /* PlayerNode.swift */,
				317A86E92A68616C00BE2603 /* States */,
			);
			path = Character;
			sourceTree = "<group>";
		};
		2F3CE9842A61BB07004F5FF0 /* TextCutscene */ = {
			isa = PBXGroup;
			children = (
				2F3CE98A2A61BBDB004F5FF0 /* IntroTextScene.sks */,
				2F3CE9882A61BBD2004F5FF0 /* IntroTextScene.swift */,
				2FB5FA9E2A6EF188003DA0E1 /* EndingTextScene.sks */,
				2FB5FA9C2A6EF17A003DA0E1 /* EndingTextScene.swift */,
				2FB5FAA22A6EF1B6003DA0E1 /* HeadphoneScene.sks */,
				2FB5FAA02A6EF1A9003DA0E1 /* HeadphoneScene.swift */,
			);
			path = TextCutscene;
			sourceTree = "<group>";
		};
		2F3CE9852A61BB16004F5FF0 /* HUD */ = {
			isa = PBXGroup;
			children = (
				31F9F3C32A65DBB8009A3AF8 /* SKButtonNode.swift */,
				2FF878F12A61DE5C0093EDC5 /* GameHUD.swift */,
			);
			path = HUD;
			sourceTree = "<group>";
		};
		2F3CE9862A61BB1C004F5FF0 /* Level01 */ = {
			isa = PBXGroup;
			children = (
				B32B4AC72A65AD0E00031DA0 /* Level01Scene.sks */,
				2FF878F32A61E10D0093EDC5 /* Level01Scene.swift */,
				B35DBDFD2A6CB1DB0082F6A7 /* ContentView.swift */,
				B35DBDF82A6B1E9A0082F6A7 /* BotoesMovimentacao.swift */,
				6E1A7FC42A6B011D005E410F /* LevelTileSet.sks */,
			);
			path = Level01;
			sourceTree = "<group>";
		};
		2F3CE9872A61BB28004F5FF0 /* Components */ = {
			isa = PBXGroup;
			children = (
				2FF878F72A61E1540093EDC5 /* Components.swift */,
			);
			path = Components;
			sourceTree = "<group>";
		};
		2F3CE98C2A61BC0E004F5FF0 /* SliderLevel */ = {
			isa = PBXGroup;
			children = (
				2F3CE9932A61BC6C004F5FF0 /* CircleGlowScene.sks */,
				2F3CE98D2A61BC27004F5FF0 /* CircleGlowScene.swift */,
				2F3CE9912A61BC55004F5FF0 /* BreathingFlowerScene.sks */,
				2F3CE98F2A61BC36004F5FF0 /* BreathingFlowerScene.swift */,
				2FB5FA9A2A6EF0BB003DA0E1 /* YellowCircleScene.sks */,
				2FB5FA982A6EF0A5003DA0E1 /* YellowCircleScene.swift */,
			);
			path = SliderLevel;
			sourceTree = "<group>";
		};
		2FB5FAA42A6EF21E003DA0E1 /* Sounds */ = {
			isa = PBXGroup;
			children = (
				2FB5FAAA2A6EF61A003DA0E1 /* humming.mp3 */,
				2FB5FAA72A6EF619003DA0E1 /* intro-music.mp3 */,
				2FB5FAA82A6EF619003DA0E1 /* medo.mp3 */,
				2FB5FAAB2A6EF61A003DA0E1 /* radio.mp3 */,
				2FB5FAA92A6EF619003DA0E1 /* storm.mp3 */,
				2FB5FAA52A6EF5B6003DA0E1 /* happiness.mp3 */,
			);
			path = Sounds;
			sourceTree = "<group>";
		};
		317A86E92A68616C00BE2603 /* States */ = {
			isa = PBXGroup;
			children = (
				31022FB72A68621400AB5828 /* DeadState.swift */,
				31022FB32A68621400AB5828 /* IdleState.swift */,
				31022FB42A68621400AB5828 /* JumpState.swift */,
				31022FB52A68621400AB5828 /* MovingLeftState.swift */,
				31022FB62A68621400AB5828 /* MovingRightState.swift */,
			);
			path = States;
			sourceTree = "<group>";
		};
		B35DBDFA2A6B21720082F6A7 /* SettingScene */ = {
			isa = PBXGroup;
			children = (
				B35DBDFB2A6B21A10082F6A7 /* SettingScene.swift */,
				B35DBE012A6D9E740082F6A7 /* SettingScene.sks */,
			);
			path = SettingScene;
			sourceTree = "<group>";
		};
/* End PBXGroup section */

/* Begin PBXNativeTarget section */
		2F3281852A61B89B00456E61 /* mini_challenge_1 */ = {
			isa = PBXNativeTarget;
			buildConfigurationList = 2F32819D2A61B89C00456E61 /* Build configuration list for PBXNativeTarget "mini_challenge_1" */;
			buildPhases = (
				2F3281822A61B89B00456E61 /* Sources */,
				2F3281832A61B89B00456E61 /* Frameworks */,
				2F3281842A61B89B00456E61 /* Resources */,
			);
			buildRules = (
			);
			dependencies = (
			);
			name = mini_challenge_1;
			productName = mini_challenge_1;
			productReference = 2F3281862A61B89C00456E61 /* mini_challenge_1.app */;
			productType = "com.apple.product-type.application";
		};
/* End PBXNativeTarget section */

/* Begin PBXProject section */
		2F32817E2A61B89B00456E61 /* Project object */ = {
			isa = PBXProject;
			attributes = {
				BuildIndependentTargetsInParallel = 1;
				LastSwiftUpdateCheck = 1430;
				LastUpgradeCheck = 1430;
				TargetAttributes = {
					2F3281852A61B89B00456E61 = {
						CreatedOnToolsVersion = 14.3.1;
					};
				};
			};
			buildConfigurationList = 2F3281812A61B89B00456E61 /* Build configuration list for PBXProject "mini_challenge_1" */;
			compatibilityVersion = "Xcode 14.0";
			developmentRegion = en;
			hasScannedForEncodings = 0;
			knownRegions = (
				en,
				Base,
			);
			mainGroup = 2F32817D2A61B89B00456E61;
			productRefGroup = 2F3281872A61B89C00456E61 /* Products */;
			projectDirPath = "";
			projectRoot = "";
			targets = (
				2F3281852A61B89B00456E61 /* mini_challenge_1 */,
			);
		};
/* End PBXProject section */

/* Begin PBXResourcesBuildPhase section */
		2F3281842A61B89B00456E61 /* Resources */ = {
			isa = PBXResourcesBuildPhase;
			buildActionMask = 2147483647;
			files = (
				2F3281952A61B89C00456E61 /* Main.storyboard in Resources */,
				2F32818C2A61B89C00456E61 /* GameScene.sks in Resources */,
				2F3281972A61B89C00456E61 /* Assets.xcassets in Resources */,
				2FB5FAA32A6EF1B6003DA0E1 /* HeadphoneScene.sks in Resources */,
				2F32819A2A61B89C00456E61 /* LaunchScreen.storyboard in Resources */,
				2F3CE9942A61BC6C004F5FF0 /* CircleGlowScene.sks in Resources */,
				2F3CE98B2A61BBDB004F5FF0 /* IntroTextScene.sks in Resources */,
				6E1A7FC52A6B011D005E410F /* LevelTileSet.sks in Resources */,
				2FB5FAA62A6EF5B6003DA0E1 /* happiness.mp3 in Resources */,
				2FB5FAAC2A6EF61A003DA0E1 /* intro-music.mp3 in Resources */,
				B32B4AC82A65AD0E00031DA0 /* Level01Scene.sks in Resources */,
				2FB5FAAD2A6EF61A003DA0E1 /* medo.mp3 in Resources */,
				2FB5FA9B2A6EF0BB003DA0E1 /* YellowCircleScene.sks in Resources */,
				2F3CE9922A61BC55004F5FF0 /* BreathingFlowerScene.sks in Resources */,
				2FB5FA9F2A6EF188003DA0E1 /* EndingTextScene.sks in Resources */,
				B35DBE022A6D9E740082F6A7 /* SettingScene.sks in Resources */,
				2FB5FAB02A6EF61A003DA0E1 /* radio.mp3 in Resources */,
				2FB5FAAF2A6EF61A003DA0E1 /* humming.mp3 in Resources */,
				2FB5FAAE2A6EF61A003DA0E1 /* storm.mp3 in Resources */,
			);
			runOnlyForDeploymentPostprocessing = 0;
		};
/* End PBXResourcesBuildPhase section */

/* Begin PBXSourcesBuildPhase section */
		2F3281822A61B89B00456E61 /* Sources */ = {
			isa = PBXSourcesBuildPhase;
			buildActionMask = 2147483647;
			files = (
				31022FBA2A68621400AB5828 /* MovingLeftState.swift in Sources */,
				2F3281902A61B89C00456E61 /* GameScene.swift in Sources */,
				2FB5FA9D2A6EF17A003DA0E1 /* EndingTextScene.swift in Sources */,
				B35DBDF92A6B1E9A0082F6A7 /* BotoesMovimentacao.swift in Sources */,
				2FF878F42A61E10D0093EDC5 /* Level01Scene.swift in Sources */,
				2FF878F82A61E1540093EDC5 /* Components.swift in Sources */,
				2F3CE9892A61BBD2004F5FF0 /* IntroTextScene.swift in Sources */,
				B32B4AAF2A61C68C00031DA0 /* PlayerNode.swift in Sources */,
				31022FBB2A68621400AB5828 /* MovingRightState.swift in Sources */,
				2FB5FAA12A6EF1A9003DA0E1 /* HeadphoneScene.swift in Sources */,
				B35DBDFC2A6B21A10082F6A7 /* SettingScene.swift in Sources */,
				2FF878F62A61E1410093EDC5 /* VisualEffects.swift in Sources */,
				2FF878F22A61DE5C0093EDC5 /* GameHUD.swift in Sources */,
				31022FB92A68621400AB5828 /* JumpState.swift in Sources */,
				B35DBDFE2A6CB1DB0082F6A7 /* ContentView.swift in Sources */,
				2F3281922A61B89C00456E61 /* GameViewController.swift in Sources */,
				2FB5FA992A6EF0A5003DA0E1 /* YellowCircleScene.swift in Sources */,
				B32B4ACE2A65D26A00031DA0 /* Preview.swift in Sources */,
				2F3CE9902A61BC36004F5FF0 /* BreathingFlowerScene.swift in Sources */,
				31022FBC2A68621400AB5828 /* DeadState.swift in Sources */,
				2F32818A2A61B89C00456E61 /* AppDelegate.swift in Sources */,
				B32B4ACA2A65B86100031DA0 /* Movimentation.swift in Sources */,
				31022FB82A68621400AB5828 /* IdleState.swift in Sources */,
				2F3CE98E2A61BC27004F5FF0 /* CircleGlowScene.swift in Sources */,
				31F9F3C42A65DBB8009A3AF8 /* SKButtonNode.swift in Sources */,
				2FB5FA972A6EEF77003DA0E1 /* SoundDesign.swift in Sources */,
			);
			runOnlyForDeploymentPostprocessing = 0;
		};
/* End PBXSourcesBuildPhase section */

/* Begin PBXVariantGroup section */
		2F3281932A61B89C00456E61 /* Main.storyboard */ = {
			isa = PBXVariantGroup;
			children = (
				2F3281942A61B89C00456E61 /* Base */,
			);
			name = Main.storyboard;
			sourceTree = "<group>";
		};
		2F3281982A61B89C00456E61 /* LaunchScreen.storyboard */ = {
			isa = PBXVariantGroup;
			children = (
				2F3281992A61B89C00456E61 /* Base */,
			);
			name = LaunchScreen.storyboard;
			sourceTree = "<group>";
		};
/* End PBXVariantGroup section */

/* Begin XCBuildConfiguration section */
		2F32819B2A61B89C00456E61 /* Debug */ = {
			isa = XCBuildConfiguration;
			buildSettings = {
				ALWAYS_SEARCH_USER_PATHS = NO;
				CLANG_ANALYZER_NONNULL = YES;
				CLANG_ANALYZER_NUMBER_OBJECT_CONVERSION = YES_AGGRESSIVE;
				CLANG_CXX_LANGUAGE_STANDARD = "gnu++20";
				CLANG_ENABLE_MODULES = YES;
				CLANG_ENABLE_OBJC_ARC = YES;
				CLANG_ENABLE_OBJC_WEAK = YES;
				CLANG_WARN_BLOCK_CAPTURE_AUTORELEASING = YES;
				CLANG_WARN_BOOL_CONVERSION = YES;
				CLANG_WARN_COMMA = YES;
				CLANG_WARN_CONSTANT_CONVERSION = YES;
				CLANG_WARN_DEPRECATED_OBJC_IMPLEMENTATIONS = YES;
				CLANG_WARN_DIRECT_OBJC_ISA_USAGE = YES_ERROR;
				CLANG_WARN_DOCUMENTATION_COMMENTS = YES;
				CLANG_WARN_EMPTY_BODY = YES;
				CLANG_WARN_ENUM_CONVERSION = YES;
				CLANG_WARN_INFINITE_RECURSION = YES;
				CLANG_WARN_INT_CONVERSION = YES;
				CLANG_WARN_NON_LITERAL_NULL_CONVERSION = YES;
				CLANG_WARN_OBJC_IMPLICIT_RETAIN_SELF = YES;
				CLANG_WARN_OBJC_LITERAL_CONVERSION = YES;
				CLANG_WARN_OBJC_ROOT_CLASS = YES_ERROR;
				CLANG_WARN_QUOTED_INCLUDE_IN_FRAMEWORK_HEADER = YES;
				CLANG_WARN_RANGE_LOOP_ANALYSIS = YES;
				CLANG_WARN_STRICT_PROTOTYPES = YES;
				CLANG_WARN_SUSPICIOUS_MOVE = YES;
				CLANG_WARN_UNGUARDED_AVAILABILITY = YES_AGGRESSIVE;
				CLANG_WARN_UNREACHABLE_CODE = YES;
				CLANG_WARN__DUPLICATE_METHOD_MATCH = YES;
				COPY_PHASE_STRIP = NO;
				DEBUG_INFORMATION_FORMAT = dwarf;
				ENABLE_STRICT_OBJC_MSGSEND = YES;
				ENABLE_TESTABILITY = YES;
				GCC_C_LANGUAGE_STANDARD = gnu11;
				GCC_DYNAMIC_NO_PIC = NO;
				GCC_NO_COMMON_BLOCKS = YES;
				GCC_OPTIMIZATION_LEVEL = 0;
				GCC_PREPROCESSOR_DEFINITIONS = (
					"DEBUG=1",
					"$(inherited)",
				);
				GCC_WARN_64_TO_32_BIT_CONVERSION = YES;
				GCC_WARN_ABOUT_RETURN_TYPE = YES_ERROR;
				GCC_WARN_UNDECLARED_SELECTOR = YES;
				GCC_WARN_UNINITIALIZED_AUTOS = YES_AGGRESSIVE;
				GCC_WARN_UNUSED_FUNCTION = YES;
				GCC_WARN_UNUSED_VARIABLE = YES;
				IPHONEOS_DEPLOYMENT_TARGET = 16.4;
				MTL_ENABLE_DEBUG_INFO = INCLUDE_SOURCE;
				MTL_FAST_MATH = YES;
				ONLY_ACTIVE_ARCH = YES;
				SDKROOT = iphoneos;
				SWIFT_ACTIVE_COMPILATION_CONDITIONS = DEBUG;
				SWIFT_OPTIMIZATION_LEVEL = "-Onone";
			};
			name = Debug;
		};
		2F32819C2A61B89C00456E61 /* Release */ = {
			isa = XCBuildConfiguration;
			buildSettings = {
				ALWAYS_SEARCH_USER_PATHS = NO;
				CLANG_ANALYZER_NONNULL = YES;
				CLANG_ANALYZER_NUMBER_OBJECT_CONVERSION = YES_AGGRESSIVE;
				CLANG_CXX_LANGUAGE_STANDARD = "gnu++20";
				CLANG_ENABLE_MODULES = YES;
				CLANG_ENABLE_OBJC_ARC = YES;
				CLANG_ENABLE_OBJC_WEAK = YES;
				CLANG_WARN_BLOCK_CAPTURE_AUTORELEASING = YES;
				CLANG_WARN_BOOL_CONVERSION = YES;
				CLANG_WARN_COMMA = YES;
				CLANG_WARN_CONSTANT_CONVERSION = YES;
				CLANG_WARN_DEPRECATED_OBJC_IMPLEMENTATIONS = YES;
				CLANG_WARN_DIRECT_OBJC_ISA_USAGE = YES_ERROR;
				CLANG_WARN_DOCUMENTATION_COMMENTS = YES;
				CLANG_WARN_EMPTY_BODY = YES;
				CLANG_WARN_ENUM_CONVERSION = YES;
				CLANG_WARN_INFINITE_RECURSION = YES;
				CLANG_WARN_INT_CONVERSION = YES;
				CLANG_WARN_NON_LITERAL_NULL_CONVERSION = YES;
				CLANG_WARN_OBJC_IMPLICIT_RETAIN_SELF = YES;
				CLANG_WARN_OBJC_LITERAL_CONVERSION = YES;
				CLANG_WARN_OBJC_ROOT_CLASS = YES_ERROR;
				CLANG_WARN_QUOTED_INCLUDE_IN_FRAMEWORK_HEADER = YES;
				CLANG_WARN_RANGE_LOOP_ANALYSIS = YES;
				CLANG_WARN_STRICT_PROTOTYPES = YES;
				CLANG_WARN_SUSPICIOUS_MOVE = YES;
				CLANG_WARN_UNGUARDED_AVAILABILITY = YES_AGGRESSIVE;
				CLANG_WARN_UNREACHABLE_CODE = YES;
				CLANG_WARN__DUPLICATE_METHOD_MATCH = YES;
				COPY_PHASE_STRIP = NO;
				DEBUG_INFORMATION_FORMAT = "dwarf-with-dsym";
				ENABLE_NS_ASSERTIONS = NO;
				ENABLE_STRICT_OBJC_MSGSEND = YES;
				GCC_C_LANGUAGE_STANDARD = gnu11;
				GCC_NO_COMMON_BLOCKS = YES;
				GCC_WARN_64_TO_32_BIT_CONVERSION = YES;
				GCC_WARN_ABOUT_RETURN_TYPE = YES_ERROR;
				GCC_WARN_UNDECLARED_SELECTOR = YES;
				GCC_WARN_UNINITIALIZED_AUTOS = YES_AGGRESSIVE;
				GCC_WARN_UNUSED_FUNCTION = YES;
				GCC_WARN_UNUSED_VARIABLE = YES;
				IPHONEOS_DEPLOYMENT_TARGET = 16.4;
				MTL_ENABLE_DEBUG_INFO = NO;
				MTL_FAST_MATH = YES;
				SDKROOT = iphoneos;
				SWIFT_COMPILATION_MODE = wholemodule;
				SWIFT_OPTIMIZATION_LEVEL = "-O";
				VALIDATE_PRODUCT = YES;
			};
			name = Release;
		};
		2F32819E2A61B89C00456E61 /* Debug */ = {
			isa = XCBuildConfiguration;
			buildSettings = {
				ASSETCATALOG_COMPILER_APPICON_NAME = AppIcon;
				ASSETCATALOG_COMPILER_GLOBAL_ACCENT_COLOR_NAME = AccentColor;
				CODE_SIGN_ENTITLEMENTS = mini_challenge_1/mini_challenge_1.entitlements;
				CODE_SIGN_STYLE = Automatic;
				CURRENT_PROJECT_VERSION = 1;
				DEVELOPMENT_TEAM = KV78S9S54R;
				GENERATE_INFOPLIST_FILE = YES;
				INFOPLIST_KEY_UIApplicationSupportsIndirectInputEvents = YES;
				INFOPLIST_KEY_UILaunchStoryboardName = LaunchScreen;
				INFOPLIST_KEY_UIMainStoryboardFile = Main;
				INFOPLIST_KEY_UIStatusBarHidden = YES;
				INFOPLIST_KEY_UISupportedInterfaceOrientations = "UIInterfaceOrientationLandscapeLeft UIInterfaceOrientationLandscapeRight";
				INFOPLIST_KEY_UISupportedInterfaceOrientations_iPad = "UIInterfaceOrientationLandscapeLeft UIInterfaceOrientationLandscapeRight UIInterfaceOrientationPortraitUpsideDown";
				LD_RUNPATH_SEARCH_PATHS = (
					"$(inherited)",
					"@executable_path/Frameworks",
				);
				MARKETING_VERSION = 1.0;
				PRODUCT_BUNDLE_IDENTIFIER = "thayna.mini-challenge-1";
				PRODUCT_NAME = "$(TARGET_NAME)";
				SWIFT_EMIT_LOC_STRINGS = YES;
				SWIFT_VERSION = 5.0;
				TARGETED_DEVICE_FAMILY = "1,2";
			};
			name = Debug;
		};
		2F32819F2A61B89C00456E61 /* Release */ = {
			isa = XCBuildConfiguration;
			buildSettings = {
				ASSETCATALOG_COMPILER_APPICON_NAME = AppIcon;
				ASSETCATALOG_COMPILER_GLOBAL_ACCENT_COLOR_NAME = AccentColor;
				CODE_SIGN_ENTITLEMENTS = mini_challenge_1/mini_challenge_1.entitlements;
				CODE_SIGN_STYLE = Automatic;
				CURRENT_PROJECT_VERSION = 1;
				DEVELOPMENT_TEAM = KV78S9S54R;
				GENERATE_INFOPLIST_FILE = YES;
				INFOPLIST_KEY_UIApplicationSupportsIndirectInputEvents = YES;
				INFOPLIST_KEY_UILaunchStoryboardName = LaunchScreen;
				INFOPLIST_KEY_UIMainStoryboardFile = Main;
				INFOPLIST_KEY_UIStatusBarHidden = YES;
				INFOPLIST_KEY_UISupportedInterfaceOrientations = "UIInterfaceOrientationLandscapeLeft UIInterfaceOrientationLandscapeRight";
				INFOPLIST_KEY_UISupportedInterfaceOrientations_iPad = "UIInterfaceOrientationLandscapeLeft UIInterfaceOrientationLandscapeRight UIInterfaceOrientationPortraitUpsideDown";
				LD_RUNPATH_SEARCH_PATHS = (
					"$(inherited)",
					"@executable_path/Frameworks",
				);
				MARKETING_VERSION = 1.0;
				PRODUCT_BUNDLE_IDENTIFIER = "thayna.mini-challenge-1";
				PRODUCT_NAME = "$(TARGET_NAME)";
				SWIFT_EMIT_LOC_STRINGS = YES;
				SWIFT_VERSION = 5.0;
				TARGETED_DEVICE_FAMILY = "1,2";
			};
			name = Release;
		};
/* End XCBuildConfiguration section */

/* Begin XCConfigurationList section */
		2F3281812A61B89B00456E61 /* Build configuration list for PBXProject "mini_challenge_1" */ = {
			isa = XCConfigurationList;
			buildConfigurations = (
				2F32819B2A61B89C00456E61 /* Debug */,
				2F32819C2A61B89C00456E61 /* Release */,
			);
			defaultConfigurationIsVisible = 0;
			defaultConfigurationName = Release;
		};
		2F32819D2A61B89C00456E61 /* Build configuration list for PBXNativeTarget "mini_challenge_1" */ = {
			isa = XCConfigurationList;
			buildConfigurations = (
				2F32819E2A61B89C00456E61 /* Debug */,
				2F32819F2A61B89C00456E61 /* Release */,
			);
			defaultConfigurationIsVisible = 0;
			defaultConfigurationName = Release;
		};
/* End XCConfigurationList section */
	};
	rootObject = 2F32817E2A61B89B00456E61 /* Project object */;
}
