// !$*UTF8*$!
{
	archiveVersion = 1;
	classes = {
	};
	objectVersion = 56;
	objects = {

/* Begin PBXBuildFile section */
		2F32818A2A61B89C00456E61 /* AppDelegate.swift in Sources */ = {isa = PBXBuildFile; fileRef = 2F3281892A61B89C00456E61 /* AppDelegate.swift */; };
		2F32818C2A61B89C00456E61 /* GameScene.sks in Resources */ = {isa = PBXBuildFile; fileRef = 2F32818B2A61B89C00456E61 /* GameScene.sks */; };
		2F3281902A61B89C00456E61 /* GameScene.swift in Sources */ = {isa = PBXBuildFile; fileRef = 2F32818F2A61B89C00456E61 /* GameScene.swift */; };
		2F3281922A61B89C00456E61 /* GameViewController.swift in Sources */ = {isa = PBXBuildFile; fileRef = 2F3281912A61B89C00456E61 /* GameViewController.swift */; };
		2F3281952A61B89C00456E61 /* Main.storyboard in Resources */ = {isa = PBXBuildFile; fileRef = 2F3281932A61B89C00456E61 /* Main.storyboard */; };
		2F3281972A61B89C00456E61 /* Assets.xcassets in Resources */ = {isa = PBXBuildFile; fileRef = 2F3281962A61B89C00456E61 /* Assets.xcassets */; };
		2F32819A2A61B89C00456E61 /* LaunchScreen.storyboard in Resources */ = {isa = PBXBuildFile; fileRef = 2F3281982A61B89C00456E61 /* LaunchScreen.storyboard */; };
		2F3CE9892A61BBD2004F5FF0 /* TextScene.swift in Sources */ = {isa = PBXBuildFile; fileRef = 2F3CE9882A61BBD2004F5FF0 /* TextScene.swift */; };
		2F3CE98B2A61BBDB004F5FF0 /* TextScene.sks in Resources */ = {isa = PBXBuildFile; fileRef = 2F3CE98A2A61BBDB004F5FF0 /* TextScene.sks */; };
		2F3CE98E2A61BC27004F5FF0 /* CircleGlowScene.swift in Sources */ = {isa = PBXBuildFile; fileRef = 2F3CE98D2A61BC27004F5FF0 /* CircleGlowScene.swift */; };
		2F3CE9902A61BC36004F5FF0 /* CircleSliderScene.swift in Sources */ = {isa = PBXBuildFile; fileRef = 2F3CE98F2A61BC36004F5FF0 /* CircleSliderScene.swift */; };
		2F3CE9922A61BC55004F5FF0 /* CircleSliderScene.sks in Resources */ = {isa = PBXBuildFile; fileRef = 2F3CE9912A61BC55004F5FF0 /* CircleSliderScene.sks */; };
		2F3CE9942A61BC6C004F5FF0 /* CircleGlowScene.sks in Resources */ = {isa = PBXBuildFile; fileRef = 2F3CE9932A61BC6C004F5FF0 /* CircleGlowScene.sks */; };
		2FF878F22A61DE5C0093EDC5 /* GameHUD.swift in Sources */ = {isa = PBXBuildFile; fileRef = 2FF878F12A61DE5C0093EDC5 /* GameHUD.swift */; };
		2FF878F42A61E10D0093EDC5 /* Level01Scene.swift in Sources */ = {isa = PBXBuildFile; fileRef = 2FF878F32A61E10D0093EDC5 /* Level01Scene.swift */; };
		2FF878F62A61E1410093EDC5 /* VisualEffects.swift in Sources */ = {isa = PBXBuildFile; fileRef = 2FF878F52A61E1410093EDC5 /* VisualEffects.swift */; };
		2FF878F82A61E1540093EDC5 /* Components.swift in Sources */ = {isa = PBXBuildFile; fileRef = 2FF878F72A61E1540093EDC5 /* Components.swift */; };
		31F9F3C42A65DBB8009A3AF8 /* SKButtonNode.swift in Sources */ = {isa = PBXBuildFile; fileRef = 31F9F3C32A65DBB8009A3AF8 /* SKButtonNode.swift */; };
		B32B4AAF2A61C68C00031DA0 /* Character.swift in Sources */ = {isa = PBXBuildFile; fileRef = B32B4AAE2A61C68C00031DA0 /* Character.swift */; };
		B32B4AC82A65AD0E00031DA0 /* Level01Scene.sks in Resources */ = {isa = PBXBuildFile; fileRef = B32B4AC72A65AD0E00031DA0 /* Level01Scene.sks */; };
		B32B4ACA2A65B86100031DA0 /* Movimentation.swift in Sources */ = {isa = PBXBuildFile; fileRef = B32B4AC92A65B86100031DA0 /* Movimentation.swift */; };
		B32B4ACE2A65D26A00031DA0 /* Preview.swift in Sources */ = {isa = PBXBuildFile; fileRef = B32B4ACD2A65D26A00031DA0 /* Preview.swift */; };
/* End PBXBuildFile section */

/* Begin PBXFileReference section */
		2F3281862A61B89C00456E61 /* mini_challenge_1.app */ = {isa = PBXFileReference; explicitFileType = wrapper.application; includeInIndex = 0; path = mini_challenge_1.app; sourceTree = BUILT_PRODUCTS_DIR; };
		2F3281892A61B89C00456E61 /* AppDelegate.swift */ = {isa = PBXFileReference; lastKnownFileType = sourcecode.swift; path = AppDelegate.swift; sourceTree = "<group>"; };
		2F32818B2A61B89C00456E61 /* GameScene.sks */ = {isa = PBXFileReference; lastKnownFileType = file.sks; path = GameScene.sks; sourceTree = "<group>"; };
		2F32818F2A61B89C00456E61 /* GameScene.swift */ = {isa = PBXFileReference; lastKnownFileType = sourcecode.swift; path = GameScene.swift; sourceTree = "<group>"; };
		2F3281912A61B89C00456E61 /* GameViewController.swift */ = {isa = PBXFileReference; lastKnownFileType = sourcecode.swift; path = GameViewController.swift; sourceTree = "<group>"; };
		2F3281942A61B89C00456E61 /* Base */ = {isa = PBXFileReference; lastKnownFileType = file.storyboard; name = Base; path = Base.lproj/Main.storyboard; sourceTree = "<group>"; };
		2F3281962A61B89C00456E61 /* Assets.xcassets */ = {isa = PBXFileReference; lastKnownFileType = folder.assetcatalog; path = Assets.xcassets; sourceTree = "<group>"; };
		2F3281992A61B89C00456E61 /* Base */ = {isa = PBXFileReference; lastKnownFileType = file.storyboard; name = Base; path = Base.lproj/LaunchScreen.storyboard; sourceTree = "<group>"; };
		2F3CE9882A61BBD2004F5FF0 /* TextScene.swift */ = {isa = PBXFileReference; lastKnownFileType = sourcecode.swift; path = TextScene.swift; sourceTree = "<group>"; };
		2F3CE98A2A61BBDB004F5FF0 /* TextScene.sks */ = {isa = PBXFileReference; lastKnownFileType = file.sks; path = TextScene.sks; sourceTree = "<group>"; };
		2F3CE98D2A61BC27004F5FF0 /* CircleGlowScene.swift */ = {isa = PBXFileReference; lastKnownFileType = sourcecode.swift; path = CircleGlowScene.swift; sourceTree = "<group>"; };
		2F3CE98F2A61BC36004F5FF0 /* CircleSliderScene.swift */ = {isa = PBXFileReference; lastKnownFileType = sourcecode.swift; path = CircleSliderScene.swift; sourceTree = "<group>"; };
		2F3CE9912A61BC55004F5FF0 /* CircleSliderScene.sks */ = {isa = PBXFileReference; lastKnownFileType = file.sks; path = CircleSliderScene.sks; sourceTree = "<group>"; };
		2F3CE9932A61BC6C004F5FF0 /* CircleGlowScene.sks */ = {isa = PBXFileReference; lastKnownFileType = file.sks; path = CircleGlowScene.sks; sourceTree = "<group>"; };
		2FF878F12A61DE5C0093EDC5 /* GameHUD.swift */ = {isa = PBXFileReference; lastKnownFileType = sourcecode.swift; path = GameHUD.swift; sourceTree = "<group>"; };
		2FF878F32A61E10D0093EDC5 /* Level01Scene.swift */ = {isa = PBXFileReference; lastKnownFileType = sourcecode.swift; path = Level01Scene.swift; sourceTree = "<group>"; };
		2FF878F52A61E1410093EDC5 /* VisualEffects.swift */ = {isa = PBXFileReference; lastKnownFileType = sourcecode.swift; path = VisualEffects.swift; sourceTree = "<group>"; };
		2FF878F72A61E1540093EDC5 /* Components.swift */ = {isa = PBXFileReference; lastKnownFileType = sourcecode.swift; path = Components.swift; sourceTree = "<group>"; };
		31F9F3C32A65DBB8009A3AF8 /* SKButtonNode.swift */ = {isa = PBXFileReference; lastKnownFileType = sourcecode.swift; path = SKButtonNode.swift; sourceTree = "<group>"; };
		B32B4AAE2A61C68C00031DA0 /* Character.swift */ = {isa = PBXFileReference; lastKnownFileType = sourcecode.swift; name = Character.swift; path = mini_challenge_1/Character/Character.swift; sourceTree = SOURCE_ROOT; };
		B32B4AC72A65AD0E00031DA0 /* Level01Scene.sks */ = {isa = PBXFileReference; lastKnownFileType = file.sks; path = Level01Scene.sks; sourceTree = "<group>"; };
		B32B4AC92A65B86100031DA0 /* Movimentation.swift */ = {isa = PBXFileReference; lastKnownFileType = sourcecode.swift; path = Movimentation.swift; sourceTree = "<group>"; };
		B32B4ACD2A65D26A00031DA0 /* Preview.swift */ = {isa = PBXFileReference; lastKnownFileType = sourcecode.swift; path = Preview.swift; sourceTree = "<group>"; };
/* End PBXFileReference section */

/* Begin PBXFrameworksBuildPhase section */
		2F3281832A61B89B00456E61 /* Frameworks */ = {
			isa = PBXFrameworksBuildPhase;
			buildActionMask = 2147483647;
			files = (
			);
			runOnlyForDeploymentPostprocessing = 0;
		};
/* End PBXFrameworksBuildPhase section */

/* Begin PBXGroup section */
		2F32817D2A61B89B00456E61 = {
			isa = PBXGroup;
			children = (
				B32B4ACD2A65D26A00031DA0 /* Preview.swift */,
				2F3281882A61B89C00456E61 /* mini_challenge_1 */,
				2F3281962A61B89C00456E61 /* Assets.xcassets */,
				2F3281872A61B89C00456E61 /* Products */,
			);
			sourceTree = "<group>";
		};
		2F3281872A61B89C00456E61 /* Products */ = {
			isa = PBXGroup;
			children = (
				2F3281862A61B89C00456E61 /* mini_challenge_1.app */,
			);
			name = Products;
			sourceTree = "<group>";
		};
		2F3281882A61B89C00456E61 /* mini_challenge_1 */ = {
			isa = PBXGroup;
			children = (
				2F32818B2A61B89C00456E61 /* GameScene.sks */,
				2F32818F2A61B89C00456E61 /* GameScene.swift */,
				2F3CE9852A61BB16004F5FF0 /* HUD */,
				2F3CE9842A61BB07004F5FF0 /* TextCutscene */,
				2F3CE98C2A61BC0E004F5FF0 /* SliderLevel */,
				2F3CE9862A61BB1C004F5FF0 /* Level01 */,
				2F3CE9832A61BAFF004F5FF0 /* Character */,
				2F3CE9822A61BAF9004F5FF0 /* Utils */,
				2F3CE9872A61BB28004F5FF0 /* Components */,
				2F3CE9812A61BAF5004F5FF0 /* App */,
			);
			path = mini_challenge_1;
			sourceTree = "<group>";
		};
		2F3CE9812A61BAF5004F5FF0 /* App */ = {
			isa = PBXGroup;
			children = (
				2F3281912A61B89C00456E61 /* GameViewController.swift */,
				2F3281892A61B89C00456E61 /* AppDelegate.swift */,
				2F3281932A61B89C00456E61 /* Main.storyboard */,
				2F3281982A61B89C00456E61 /* LaunchScreen.storyboard */,
			);
			path = App;
			sourceTree = "<group>";
		};
		2F3CE9822A61BAF9004F5FF0 /* Utils */ = {
			isa = PBXGroup;
			children = (
				2FF878F52A61E1410093EDC5 /* VisualEffects.swift */,
				B32B4AC92A65B86100031DA0 /* Movimentation.swift */,
			);
			path = Utils;
			sourceTree = "<group>";
		};
		2F3CE9832A61BAFF004F5FF0 /* Character */ = {
			isa = PBXGroup;
			children = (
				B32B4AAE2A61C68C00031DA0 /* Character.swift */,
			);
			path = Character;
			sourceTree = "<group>";
		};
		2F3CE9842A61BB07004F5FF0 /* TextCutscene */ = {
			isa = PBXGroup;
			children = (
				2F3CE98A2A61BBDB004F5FF0 /* TextScene.sks */,
				2F3CE9882A61BBD2004F5FF0 /* TextScene.swift */,
			);
			path = TextCutscene;
			sourceTree = "<group>";
		};
		2F3CE9852A61BB16004F5FF0 /* HUD */ = {
			isa = PBXGroup;
			children = (
				2FF878F12A61DE5C0093EDC5 /* GameHUD.swift */,
			);
			path = HUD;
			sourceTree = "<group>";
		};
		2F3CE9862A61BB1C004F5FF0 /* Level01 */ = {
			isa = PBXGroup;
			children = (
				2FF878F32A61E10D0093EDC5 /* Level01Scene.swift */,
				B32B4AC72A65AD0E00031DA0 /* Level01Scene.sks */,
			);
			path = Level01;
			sourceTree = "<group>";
		};
		2F3CE9872A61BB28004F5FF0 /* Components */ = {
			isa = PBXGroup;
			children = (
				2FF878F72A61E1540093EDC5 /* Components.swift */,
				31F9F3C32A65DBB8009A3AF8 /* SKButtonNode.swift */,
			);
			path = Components;
			sourceTree = "<group>";
		};
		2F3CE98C2A61BC0E004F5FF0 /* SliderLevel */ = {
			isa = PBXGroup;
			children = (
				2F3CE9932A61BC6C004F5FF0 /* CircleGlowScene.sks */,
				2F3CE98D2A61BC27004F5FF0 /* CircleGlowScene.swift */,
				2F3CE9912A61BC55004F5FF0 /* CircleSliderScene.sks */,
				2F3CE98F2A61BC36004F5FF0 /* CircleSliderScene.swift */,
			);
			path = SliderLevel;
			sourceTree = "<group>";
		};
/* End PBXGroup section */

/* Begin PBXNativeTarget section */
		2F3281852A61B89B00456E61 /* mini_challenge_1 */ = {
			isa = PBXNativeTarget;
			buildConfigurationList = 2F32819D2A61B89C00456E61 /* Build configuration list for PBXNativeTarget "mini_challenge_1" */;
			buildPhases = (
				2F3281822A61B89B00456E61 /* Sources */,
				2F3281832A61B89B00456E61 /* Frameworks */,
				2F3281842A61B89B00456E61 /* Resources */,
			);
			buildRules = (
			);
			dependencies = (
			);
			name = mini_challenge_1;
			productName = mini_challenge_1;
			productReference = 2F3281862A61B89C00456E61 /* mini_challenge_1.app */;
			productType = "com.apple.product-type.application";
		};
/* End PBXNativeTarget section */

/* Begin PBXProject section */
		2F32817E2A61B89B00456E61 /* Project object */ = {
			isa = PBXProject;
			attributes = {
				BuildIndependentTargetsInParallel = 1;
				LastSwiftUpdateCheck = 1430;
				LastUpgradeCheck = 1430;
				TargetAttributes = {
					2F3281852A61B89B00456E61 = {
						CreatedOnToolsVersion = 14.3.1;
					};
				};
			};
			buildConfigurationList = 2F3281812A61B89B00456E61 /* Build configuration list for PBXProject "mini_challenge_1" */;
			compatibilityVersion = "Xcode 14.0";
			developmentRegion = en;
			hasScannedForEncodings = 0;
			knownRegions = (
				en,
				Base,
			);
			mainGroup = 2F32817D2A61B89B00456E61;
			productRefGroup = 2F3281872A61B89C00456E61 /* Products */;
			projectDirPath = "";
			projectRoot = "";
			targets = (
				2F3281852A61B89B00456E61 /* mini_challenge_1 */,
			);
		};
/* End PBXProject section */

/* Begin PBXResourcesBuildPhase section */
		2F3281842A61B89B00456E61 /* Resources */ = {
			isa = PBXResourcesBuildPhase;
			buildActionMask = 2147483647;
			files = (
				2F3281952A61B89C00456E61 /* Main.storyboard in Resources */,
				2F32818C2A61B89C00456E61 /* GameScene.sks in Resources */,
				2F3281972A61B89C00456E61 /* Assets.xcassets in Resources */,
				2F32819A2A61B89C00456E61 /* LaunchScreen.storyboard in Resources */,
				2F3CE9942A61BC6C004F5FF0 /* CircleGlowScene.sks in Resources */,
				2F3CE98B2A61BBDB004F5FF0 /* TextScene.sks in Resources */,
				B32B4AC82A65AD0E00031DA0 /* Level01Scene.sks in Resources */,
				2F3CE9922A61BC55004F5FF0 /* CircleSliderScene.sks in Resources */,
			);
			runOnlyForDeploymentPostprocessing = 0;
		};
/* End PBXResourcesBuildPhase section */

/* Begin PBXSourcesBuildPhase section */
		2F3281822A61B89B00456E61 /* Sources */ = {
			isa = PBXSourcesBuildPhase;
			buildActionMask = 2147483647;
			files = (
				2F3281902A61B89C00456E61 /* GameScene.swift in Sources */,
				2FF878F42A61E10D0093EDC5 /* Level01Scene.swift in Sources */,
				2FF878F82A61E1540093EDC5 /* Components.swift in Sources */,
				2F3CE9892A61BBD2004F5FF0 /* TextScene.swift in Sources */,
				B32B4AAF2A61C68C00031DA0 /* Character.swift in Sources */,
				2FF878F62A61E1410093EDC5 /* VisualEffects.swift in Sources */,
				2FF878F22A61DE5C0093EDC5 /* GameHUD.swift in Sources */,
				2F3281922A61B89C00456E61 /* GameViewController.swift in Sources */,
				B32B4ACE2A65D26A00031DA0 /* Preview.swift in Sources */,
				2F3CE9902A61BC36004F5FF0 /* CircleSliderScene.swift in Sources */,
				2F32818A2A61B89C00456E61 /* AppDelegate.swift in Sources */,
				B32B4ACA2A65B86100031DA0 /* Movimentation.swift in Sources */,
				2F3CE98E2A61BC27004F5FF0 /* CircleGlowScene.swift in Sources */,
				31F9F3C42A65DBB8009A3AF8 /* SKButtonNode.swift in Sources */,
			);
			runOnlyForDeploymentPostprocessing = 0;
		};
/* End PBXSourcesBuildPhase section */

/* Begin PBXVariantGroup section */
		2F3281932A61B89C00456E61 /* Main.storyboard */ = {
			isa = PBXVariantGroup;
			children = (
				2F3281942A61B89C00456E61 /* Base */,
			);
			name = Main.storyboard;
			sourceTree = "<group>";
		};
		2F3281982A61B89C00456E61 /* LaunchScreen.storyboard */ = {
			isa = PBXVariantGroup;
			children = (
				2F3281992A61B89C00456E61 /* Base */,
			);
			name = LaunchScreen.storyboard;
			sourceTree = "<group>";
		};
/* End PBXVariantGroup section */

/* Begin XCBuildConfiguration section */
		2F32819B2A61B89C00456E61 /* Debug */ = {
			isa = XCBuildConfiguration;
			buildSettings = {
				ALWAYS_SEARCH_USER_PATHS = NO;
				CLANG_ANALYZER_NONNULL = YES;
				CLANG_ANALYZER_NUMBER_OBJECT_CONVERSION = YES_AGGRESSIVE;
				CLANG_CXX_LANGUAGE_STANDARD = "gnu++20";
				CLANG_ENABLE_MODULES = YES;
				CLANG_ENABLE_OBJC_ARC = YES;
				CLANG_ENABLE_OBJC_WEAK = YES;
				CLANG_WARN_BLOCK_CAPTURE_AUTORELEASING = YES;
				CLANG_WARN_BOOL_CONVERSION = YES;
				CLANG_WARN_COMMA = YES;
				CLANG_WARN_CONSTANT_CONVERSION = YES;
				CLANG_WARN_DEPRECATED_OBJC_IMPLEMENTATIONS = YES;
				CLANG_WARN_DIRECT_OBJC_ISA_USAGE = YES_ERROR;
				CLANG_WARN_DOCUMENTATION_COMMENTS = YES;
				CLANG_WARN_EMPTY_BODY = YES;
				CLANG_WARN_ENUM_CONVERSION = YES;
				CLANG_WARN_INFINITE_RECURSION = YES;
				CLANG_WARN_INT_CONVERSION = YES;
				CLANG_WARN_NON_LITERAL_NULL_CONVERSION = YES;
				CLANG_WARN_OBJC_IMPLICIT_RETAIN_SELF = YES;
				CLANG_WARN_OBJC_LITERAL_CONVERSION = YES;
				CLANG_WARN_OBJC_ROOT_CLASS = YES_ERROR;
				CLANG_WARN_QUOTED_INCLUDE_IN_FRAMEWORK_HEADER = YES;
				CLANG_WARN_RANGE_LOOP_ANALYSIS = YES;
				CLANG_WARN_STRICT_PROTOTYPES = YES;
				CLANG_WARN_SUSPICIOUS_MOVE = YES;
				CLANG_WARN_UNGUARDED_AVAILABILITY = YES_AGGRESSIVE;
				CLANG_WARN_UNREACHABLE_CODE = YES;
				CLANG_WARN__DUPLICATE_METHOD_MATCH = YES;
				COPY_PHASE_STRIP = NO;
				DEBUG_INFORMATION_FORMAT = dwarf;
				ENABLE_STRICT_OBJC_MSGSEND = YES;
				ENABLE_TESTABILITY = YES;
				GCC_C_LANGUAGE_STANDARD = gnu11;
				GCC_DYNAMIC_NO_PIC = NO;
				GCC_NO_COMMON_BLOCKS = YES;
				GCC_OPTIMIZATION_LEVEL = 0;
				GCC_PREPROCESSOR_DEFINITIONS = (
					"DEBUG=1",
					"$(inherited)",
				);
				GCC_WARN_64_TO_32_BIT_CONVERSION = YES;
				GCC_WARN_ABOUT_RETURN_TYPE = YES_ERROR;
				GCC_WARN_UNDECLARED_SELECTOR = YES;
				GCC_WARN_UNINITIALIZED_AUTOS = YES_AGGRESSIVE;
				GCC_WARN_UNUSED_FUNCTION = YES;
				GCC_WARN_UNUSED_VARIABLE = YES;
				IPHONEOS_DEPLOYMENT_TARGET = 16.4;
				MTL_ENABLE_DEBUG_INFO = INCLUDE_SOURCE;
				MTL_FAST_MATH = YES;
				ONLY_ACTIVE_ARCH = YES;
				SDKROOT = iphoneos;
				SWIFT_ACTIVE_COMPILATION_CONDITIONS = DEBUG;
				SWIFT_OPTIMIZATION_LEVEL = "-Onone";
			};
			name = Debug;
		};
		2F32819C2A61B89C00456E61 /* Release */ = {
			isa = XCBuildConfiguration;
			buildSettings = {
				ALWAYS_SEARCH_USER_PATHS = NO;
				CLANG_ANALYZER_NONNULL = YES;
				CLANG_ANALYZER_NUMBER_OBJECT_CONVERSION = YES_AGGRESSIVE;
				CLANG_CXX_LANGUAGE_STANDARD = "gnu++20";
				CLANG_ENABLE_MODULES = YES;
				CLANG_ENABLE_OBJC_ARC = YES;
				CLANG_ENABLE_OBJC_WEAK = YES;
				CLANG_WARN_BLOCK_CAPTURE_AUTORELEASING = YES;
				CLANG_WARN_BOOL_CONVERSION = YES;
				CLANG_WARN_COMMA = YES;
				CLANG_WARN_CONSTANT_CONVERSION = YES;
				CLANG_WARN_DEPRECATED_OBJC_IMPLEMENTATIONS = YES;
				CLANG_WARN_DIRECT_OBJC_ISA_USAGE = YES_ERROR;
				CLANG_WARN_DOCUMENTATION_COMMENTS = YES;
				CLANG_WARN_EMPTY_BODY = YES;
				CLANG_WARN_ENUM_CONVERSION = YES;
				CLANG_WARN_INFINITE_RECURSION = YES;
				CLANG_WARN_INT_CONVERSION = YES;
				CLANG_WARN_NON_LITERAL_NULL_CONVERSION = YES;
				CLANG_WARN_OBJC_IMPLICIT_RETAIN_SELF = YES;
				CLANG_WARN_OBJC_LITERAL_CONVERSION = YES;
				CLANG_WARN_OBJC_ROOT_CLASS = YES_ERROR;
				CLANG_WARN_QUOTED_INCLUDE_IN_FRAMEWORK_HEADER = YES;
				CLANG_WARN_RANGE_LOOP_ANALYSIS = YES;
				CLANG_WARN_STRICT_PROTOTYPES = YES;
				CLANG_WARN_SUSPICIOUS_MOVE = YES;
				CLANG_WARN_UNGUARDED_AVAILABILITY = YES_AGGRESSIVE;
				CLANG_WARN_UNREACHABLE_CODE = YES;
				CLANG_WARN__DUPLICATE_METHOD_MATCH = YES;
				COPY_PHASE_STRIP = NO;
				DEBUG_INFORMATION_FORMAT = "dwarf-with-dsym";
				ENABLE_NS_ASSERTIONS = NO;
				ENABLE_STRICT_OBJC_MSGSEND = YES;
				GCC_C_LANGUAGE_STANDARD = gnu11;
				GCC_NO_COMMON_BLOCKS = YES;
				GCC_WARN_64_TO_32_BIT_CONVERSION = YES;
				GCC_WARN_ABOUT_RETURN_TYPE = YES_ERROR;
				GCC_WARN_UNDECLARED_SELECTOR = YES;
				GCC_WARN_UNINITIALIZED_AUTOS = YES_AGGRESSIVE;
				GCC_WARN_UNUSED_FUNCTION = YES;
				GCC_WARN_UNUSED_VARIABLE = YES;
				IPHONEOS_DEPLOYMENT_TARGET = 16.4;
				MTL_ENABLE_DEBUG_INFO = NO;
				MTL_FAST_MATH = YES;
				SDKROOT = iphoneos;
				SWIFT_COMPILATION_MODE = wholemodule;
				SWIFT_OPTIMIZATION_LEVEL = "-O";
				VALIDATE_PRODUCT = YES;
			};
			name = Release;
		};
		2F32819E2A61B89C00456E61 /* Debug */ = {
			isa = XCBuildConfiguration;
			buildSettings = {
				ASSETCATALOG_COMPILER_APPICON_NAME = AppIcon;
				ASSETCATALOG_COMPILER_GLOBAL_ACCENT_COLOR_NAME = AccentColor;
				CODE_SIGN_STYLE = Automatic;
				CURRENT_PROJECT_VERSION = 1;
				DEVELOPMENT_TEAM = KV78S9S54R;
				GENERATE_INFOPLIST_FILE = YES;
				INFOPLIST_KEY_UIApplicationSupportsIndirectInputEvents = YES;
				INFOPLIST_KEY_UILaunchStoryboardName = LaunchScreen;
				INFOPLIST_KEY_UIMainStoryboardFile = Main;
				INFOPLIST_KEY_UIStatusBarHidden = YES;
				INFOPLIST_KEY_UISupportedInterfaceOrientations = "UIInterfaceOrientationLandscapeLeft UIInterfaceOrientationLandscapeRight";
				INFOPLIST_KEY_UISupportedInterfaceOrientations_iPad = "UIInterfaceOrientationLandscapeLeft UIInterfaceOrientationLandscapeRight UIInterfaceOrientationPortraitUpsideDown";
				LD_RUNPATH_SEARCH_PATHS = (
					"$(inherited)",
					"@executable_path/Frameworks",
				);
				MARKETING_VERSION = 1.0;
				PRODUCT_BUNDLE_IDENTIFIER = "thayna.mini-challenge-1";
				PRODUCT_NAME = "$(TARGET_NAME)";
				SWIFT_EMIT_LOC_STRINGS = YES;
				SWIFT_VERSION = 5.0;
				TARGETED_DEVICE_FAMILY = "1,2";
			};
			name = Debug;
		};
		2F32819F2A61B89C00456E61 /* Release */ = {
			isa = XCBuildConfiguration;
			buildSettings = {
				ASSETCATALOG_COMPILER_APPICON_NAME = AppIcon;
				ASSETCATALOG_COMPILER_GLOBAL_ACCENT_COLOR_NAME = AccentColor;
				CODE_SIGN_STYLE = Automatic;
				CURRENT_PROJECT_VERSION = 1;
				DEVELOPMENT_TEAM = KV78S9S54R;
				GENERATE_INFOPLIST_FILE = YES;
				INFOPLIST_KEY_UIApplicationSupportsIndirectInputEvents = YES;
				INFOPLIST_KEY_UILaunchStoryboardName = LaunchScreen;
				INFOPLIST_KEY_UIMainStoryboardFile = Main;
				INFOPLIST_KEY_UIStatusBarHidden = YES;
				INFOPLIST_KEY_UISupportedInterfaceOrientations = "UIInterfaceOrientationLandscapeLeft UIInterfaceOrientationLandscapeRight";
				INFOPLIST_KEY_UISupportedInterfaceOrientations_iPad = "UIInterfaceOrientationLandscapeLeft UIInterfaceOrientationLandscapeRight UIInterfaceOrientationPortraitUpsideDown";
				LD_RUNPATH_SEARCH_PATHS = (
					"$(inherited)",
					"@executable_path/Frameworks",
				);
				MARKETING_VERSION = 1.0;
				PRODUCT_BUNDLE_IDENTIFIER = "thayna.mini-challenge-1";
				PRODUCT_NAME = "$(TARGET_NAME)";
				SWIFT_EMIT_LOC_STRINGS = YES;
				SWIFT_VERSION = 5.0;
				TARGETED_DEVICE_FAMILY = "1,2";
			};
			name = Release;
		};
/* End XCBuildConfiguration section */

/* Begin XCConfigurationList section */
		2F3281812A61B89B00456E61 /* Build configuration list for PBXProject "mini_challenge_1" */ = {
			isa = XCConfigurationList;
			buildConfigurations = (
				2F32819B2A61B89C00456E61 /* Debug */,
				2F32819C2A61B89C00456E61 /* Release */,
			);
			defaultConfigurationIsVisible = 0;
			defaultConfigurationName = Release;
		};
		2F32819D2A61B89C00456E61 /* Build configuration list for PBXNativeTarget "mini_challenge_1" */ = {
			isa = XCConfigurationList;
			buildConfigurations = (
				2F32819E2A61B89C00456E61 /* Debug */,
				2F32819F2A61B89C00456E61 /* Release */,
			);
			defaultConfigurationIsVisible = 0;
			defaultConfigurationName = Release;
		};
/* End XCConfigurationList section */
	};
	rootObject = 2F32817E2A61B89B00456E61 /* Project object */;
}
